<?xml version="1.0" encoding="utf-8"?>
<Project ToolsVersion="4.0" xmlns="http://schemas.microsoft.com/developer/msbuild/2003">
  <ItemGroup>
    <Filter Include="src">
      <UniqueIdentifier>{434e1685-f4ab-42f3-b9d2-f4a97ef4006d}</UniqueIdentifier>
    </Filter>
    <Filter Include="examples">
      <UniqueIdentifier>{74d2d606-9c7b-4456-8fd3-c60cfe2e9008}</UniqueIdentifier>
    </Filter>
    <Filter Include="tests">
      <UniqueIdentifier>{327320b8-2031-4bb1-9759-41a1be4acb07}</UniqueIdentifier>
    </Filter>
    <Filter Include="benchmark">
      <UniqueIdentifier>{5e695fe8-8a48-4cc4-9257-ffb1aa7ac8b3}</UniqueIdentifier>
    </Filter>
  </ItemGroup>
  <ItemGroup>
    <ClInclude Include="..\src\buffers.hpp">
      <Filter>src</Filter>
    </ClInclude>
    <ClInclude Include="..\src\defs.hpp">
      <Filter>src</Filter>
    </ClInclude>
    <ClInclude Include="..\src\math.hpp">
      <Filter>src</Filter>
    </ClInclude>
    <ClInclude Include="..\src\node_stacks.hpp">
      <Filter>src</Filter>
    </ClInclude>
    <ClInclude Include="..\src\operations.hpp">
      <Filter>src</Filter>
    </ClInclude>
    <ClInclude Include="..\src\pools.hpp">
      <Filter>src</Filter>
    </ClInclude>
    <ClInclude Include="..\src\puro.hpp">
      <Filter>src</Filter>
    </ClInclude>
    <ClInclude Include="..\src\utils.hpp">
      <Filter>src</Filter>
    </ClInclude>
    <ClInclude Include="..\src\panning.hpp">
      <Filter>src</Filter>
    </ClInclude>
    <ClInclude Include="..\src\sequences.hpp">
      <Filter>src</Filter>
    </ClInclude>
    <ClInclude Include="..\examples\01_simple_example.hpp">
      <Filter>examples</Filter>
    </ClInclude>
    <ClInclude Include="..\examples\02_granular_example.hpp">
      <Filter>examples</Filter>
    </ClInclude>
    <ClInclude Include="..\examples\03_threadsafe_example.hpp">
      <Filter>examples</Filter>
    </ClInclude>
    <ClInclude Include="..\tests\nodestack_tests.h">
      <Filter>tests</Filter>
    </ClInclude>
    <ClInclude Include="..\src\alignment.hpp">
      <Filter>src</Filter>
    </ClInclude>
    <ClInclude Include="..\benchmark\random_benchmark.hpp">
      <Filter>benchmark</Filter>
    </ClInclude>
    <ClInclude Include="..\benchmark\rvo_benchmark.hpp">
      <Filter>benchmark</Filter>
    </ClInclude>
  </ItemGroup>
  <ItemGroup>
    <ClCompile Include="..\src\main.cpp">
      <Filter>src</Filter>
    </ClCompile>
  </ItemGroup>
</Project>