<?xml version="1.0" encoding="utf-8"?>
<Project ToolsVersion="4.0" xmlns="http://schemas.microsoft.com/developer/msbuild/2003">
  <ItemGroup>
    <Filter Include="Resource Files">
      <UniqueIdentifier>{67DA6AB6-F800-4c08-8B7A-83BB121AAD01}</UniqueIdentifier>
      <Extensions>rc;ico;cur;bmp;dlg;rc2;rct;bin;rgs;gif;jpg;jpeg;jpe;resx;tiff;tif;png;wav;mfcribbon-ms</Extensions>
    </Filter>
    <Filter Include="src">
      <UniqueIdentifier>{434e1685-f4ab-42f3-b9d2-f4a97ef4006d}</UniqueIdentifier>
    </Filter>
  </ItemGroup>
  <ItemGroup>
    <ClInclude Include="..\src\AudioSource.hpp">
      <Filter>src</Filter>
    </ClInclude>
    <ClInclude Include="..\src\definitions.hpp">
      <Filter>src</Filter>
    </ClInclude>
    <ClInclude Include="..\src\Engine.hpp">
      <Filter>src</Filter>
    </ClInclude>
    <ClInclude Include="..\src\Envelope.hpp">
      <Filter>src</Filter>
    </ClInclude>
    <ClInclude Include="..\src\Grain.hpp">
      <Filter>src</Filter>
    </ClInclude>
    <ClInclude Include="..\src\Pool.hpp">
      <Filter>src</Filter>
    </ClInclude>
    <ClInclude Include="..\src\structs.hpp">
      <Filter>src</Filter>
    </ClInclude>
    <ClInclude Include="..\src\test_stubs.h">
      <Filter>src</Filter>
    </ClInclude>
    <ClInclude Include="..\src\Controller.hpp">
      <Filter>src</Filter>
    </ClInclude>
    <ClInclude Include="..\src\Parameter.hpp">
      <Filter>src</Filter>
    </ClInclude>
    <ClInclude Include="..\src\PuroHeader.h">
      <Filter>src</Filter>
    </ClInclude>
    <ClInclude Include="..\src\Buffer.hpp">
      <Filter>src</Filter>
    </ClInclude>
  </ItemGroup>
  <ItemGroup>
    <ClCompile Include="..\src\main.cpp">
      <Filter>src</Filter>
    </ClCompile>
  </ItemGroup>
</Project>