// !$*UTF8*$!
{
	archiveVersion = 1;
	classes = {
	};
	objectVersion = 48;
	objects = {

/* Begin PBXBuildFile section */
		77B7BF3324CEB31400ACA21C /* main.cpp in Sources */ = {isa = PBXBuildFile; fileRef = 77B7BF3224CEB31400ACA21C /* main.cpp */; };
		77B7BF3524CEBB7F00ACA21C /* pffft.c in Sources */ = {isa = PBXBuildFile; fileRef = 77B7BF3424CEBB7F00ACA21C /* pffft.c */; };
/* End PBXBuildFile section */

/* Begin PBXCopyFilesBuildPhase section */
		77B7BF0424CEB23600ACA21C /* CopyFiles */ = {
			isa = PBXCopyFilesBuildPhase;
			buildActionMask = 2147483647;
			dstPath = /usr/share/man/man1/;
			dstSubfolderSpec = 0;
			files = (
			);
			runOnlyForDeploymentPostprocessing = 1;
		};
/* End PBXCopyFilesBuildPhase section */

/* Begin PBXFileReference section */
		77B7BF0624CEB23600ACA21C /* puro */ = {isa = PBXFileReference; explicitFileType = "compiled.mach-o.executable"; includeInIndex = 0; path = puro; sourceTree = BUILT_PRODUCTS_DIR; };
		77B7BF2324CEB30A00ACA21C /* pool.hpp */ = {isa = PBXFileReference; fileEncoding = 4; lastKnownFileType = sourcecode.cpp.h; name = pool.hpp; path = ../src/pool.hpp; sourceTree = "<group>"; };
		77B7BF2424CEB30A00ACA21C /* defs.hpp */ = {isa = PBXFileReference; fileEncoding = 4; lastKnownFileType = sourcecode.cpp.h; name = defs.hpp; path = ../src/defs.hpp; sourceTree = "<group>"; };
		77B7BF2524CEB30A00ACA21C /* alignment.hpp */ = {isa = PBXFileReference; fileEncoding = 4; lastKnownFileType = sourcecode.cpp.h; name = alignment.hpp; path = ../src/alignment.hpp; sourceTree = "<group>"; };
		77B7BF2624CEB30A00ACA21C /* envelope.hpp */ = {isa = PBXFileReference; fileEncoding = 4; lastKnownFileType = sourcecode.cpp.h; name = envelope.hpp; path = ../src/envelope.hpp; sourceTree = "<group>"; };
		77B7BF2824CEB30A00ACA21C /* interpolation.hpp */ = {isa = PBXFileReference; fileEncoding = 4; lastKnownFileType = sourcecode.cpp.h; name = interpolation.hpp; path = ../src/interpolation.hpp; sourceTree = "<group>"; };
		77B7BF2924CEB30A00ACA21C /* signal.hpp */ = {isa = PBXFileReference; fileEncoding = 4; lastKnownFileType = sourcecode.cpp.h; name = signal.hpp; path = ../src/signal.hpp; sourceTree = "<group>"; };
		77B7BF2A24CEB30A00ACA21C /* puro.hpp */ = {isa = PBXFileReference; fileEncoding = 4; lastKnownFileType = sourcecode.cpp.h; name = puro.hpp; path = ../src/puro.hpp; sourceTree = "<group>"; };
		77B7BF2B24CEB30A00ACA21C /* node_stacks.hpp */ = {isa = PBXFileReference; fileEncoding = 4; lastKnownFileType = sourcecode.cpp.h; name = node_stacks.hpp; path = ../src/node_stacks.hpp; sourceTree = "<group>"; };
		77B7BF2C24CEB30A00ACA21C /* spectrum.hpp */ = {isa = PBXFileReference; fileEncoding = 4; lastKnownFileType = sourcecode.cpp.h; name = spectrum.hpp; path = ../src/spectrum.hpp; sourceTree = "<group>"; };
		77B7BF2D24CEB30A00ACA21C /* utility.hpp */ = {isa = PBXFileReference; fileEncoding = 4; lastKnownFileType = sourcecode.cpp.h; name = utility.hpp; path = ../src/utility.hpp; sourceTree = "<group>"; };
		77B7BF2E24CEB30A00ACA21C /* panning.hpp */ = {isa = PBXFileReference; fileEncoding = 4; lastKnownFileType = sourcecode.cpp.h; name = panning.hpp; path = ../src/panning.hpp; sourceTree = "<group>"; };
		77B7BF3024CEB30A00ACA21C /* math_default.hpp */ = {isa = PBXFileReference; fileEncoding = 4; lastKnownFileType = sourcecode.cpp.h; name = math_default.hpp; path = ../src/math_default.hpp; sourceTree = "<group>"; };
		77B7BF3124CEB30A00ACA21C /* buffer.hpp */ = {isa = PBXFileReference; fileEncoding = 4; lastKnownFileType = sourcecode.cpp.h; name = buffer.hpp; path = ../src/buffer.hpp; sourceTree = "<group>"; };
		77B7BF3224CEB31400ACA21C /* main.cpp */ = {isa = PBXFileReference; fileEncoding = 4; lastKnownFileType = sourcecode.cpp.cpp; name = main.cpp; path = ../main.cpp; sourceTree = "<group>"; };
		77B7BF3424CEBB7F00ACA21C /* pffft.c */ = {isa = PBXFileReference; fileEncoding = 4; lastKnownFileType = sourcecode.c.c; name = pffft.c; path = ../include/pffft.c; sourceTree = "<group>"; };
		77B7BF3724CEBBB200ACA21C /* pffft.h */ = {isa = PBXFileReference; fileEncoding = 4; lastKnownFileType = sourcecode.c.h; name = pffft.h; path = ../include/pffft.h; sourceTree = "<group>"; };
		77C26AE824D1FEF100712126 /* prints.hpp */ = {isa = PBXFileReference; lastKnownFileType = sourcecode.cpp.h; name = prints.hpp; path = ../src/prints.hpp; sourceTree = "<group>"; };
/* End PBXFileReference section */

/* Begin PBXFrameworksBuildPhase section */
		77B7BF0324CEB23600ACA21C /* Frameworks */ = {
			isa = PBXFrameworksBuildPhase;
			buildActionMask = 2147483647;
			files = (
			);
			runOnlyForDeploymentPostprocessing = 0;
		};
/* End PBXFrameworksBuildPhase section */

/* Begin PBXGroup section */
		77B7BEFD24CEB23600ACA21C = {
			isa = PBXGroup;
			children = (
				77B7BF3624CEBBA100ACA21C /* include */,
				77B7BF3224CEB31400ACA21C /* main.cpp */,
				77B7BF2224CEB2F200ACA21C /* src */,
				77B7BF0724CEB23600ACA21C /* Products */,
			);
			sourceTree = "<group>";
		};
		77B7BF0724CEB23600ACA21C /* Products */ = {
			isa = PBXGroup;
			children = (
				77B7BF0624CEB23600ACA21C /* puro */,
			);
			name = Products;
			sourceTree = "<group>";
		};
		77B7BF2224CEB2F200ACA21C /* src */ = {
			isa = PBXGroup;
			children = (
				77B7BF2524CEB30A00ACA21C /* alignment.hpp */,
				77B7BF3124CEB30A00ACA21C /* buffer.hpp */,
				77B7BF2424CEB30A00ACA21C /* defs.hpp */,
				77B7BF2624CEB30A00ACA21C /* envelope.hpp */,
				77B7BF2824CEB30A00ACA21C /* interpolation.hpp */,
				77B7BF3024CEB30A00ACA21C /* math_default.hpp */,
				77B7BF2B24CEB30A00ACA21C /* node_stacks.hpp */,
				77B7BF2E24CEB30A00ACA21C /* panning.hpp */,
				77B7BF2324CEB30A00ACA21C /* pool.hpp */,
				77B7BF2A24CEB30A00ACA21C /* puro.hpp */,
				77B7BF2924CEB30A00ACA21C /* signal.hpp */,
				77B7BF2C24CEB30A00ACA21C /* spectrum.hpp */,
				77B7BF2D24CEB30A00ACA21C /* utility.hpp */,
				77C26AE824D1FEF100712126 /* prints.hpp */,
			);
			name = src;
			sourceTree = "<group>";
		};
		77B7BF3624CEBBA100ACA21C /* include */ = {
			isa = PBXGroup;
			children = (
				77B7BF3724CEBBB200ACA21C /* pffft.h */,
				77B7BF3424CEBB7F00ACA21C /* pffft.c */,
			);
			name = include;
			sourceTree = "<group>";
		};
/* End PBXGroup section */

/* Begin PBXNativeTarget section */
		77B7BF0524CEB23600ACA21C /* puro */ = {
			isa = PBXNativeTarget;
			buildConfigurationList = 77B7BF0D24CEB23600ACA21C /* Build configuration list for PBXNativeTarget "puro" */;
			buildPhases = (
				77B7BF0224CEB23600ACA21C /* Sources */,
				77B7BF0324CEB23600ACA21C /* Frameworks */,
				77B7BF0424CEB23600ACA21C /* CopyFiles */,
			);
			buildRules = (
			);
			dependencies = (
			);
			name = puro;
			productName = puro;
			productReference = 77B7BF0624CEB23600ACA21C /* puro */;
			productType = "com.apple.product-type.tool";
		};
/* End PBXNativeTarget section */

/* Begin PBXProject section */
		77B7BEFE24CEB23600ACA21C /* Project object */ = {
			isa = PBXProject;
			attributes = {
				LastUpgradeCheck = 0920;
				ORGANIZATIONNAME = "Olli Erik Keskinen";
				TargetAttributes = {
					77B7BF0524CEB23600ACA21C = {
						CreatedOnToolsVersion = 9.2;
						ProvisioningStyle = Automatic;
					};
				};
			};
			buildConfigurationList = 77B7BF0124CEB23600ACA21C /* Build configuration list for PBXProject "puro" */;
			compatibilityVersion = "Xcode 8.0";
			developmentRegion = en;
			hasScannedForEncodings = 0;
			knownRegions = (
				en,
			);
			mainGroup = 77B7BEFD24CEB23600ACA21C;
			productRefGroup = 77B7BF0724CEB23600ACA21C /* Products */;
			projectDirPath = "";
			projectRoot = "";
			targets = (
				77B7BF0524CEB23600ACA21C /* puro */,
			);
		};
/* End PBXProject section */

/* Begin PBXSourcesBuildPhase section */
		77B7BF0224CEB23600ACA21C /* Sources */ = {
			isa = PBXSourcesBuildPhase;
			buildActionMask = 2147483647;
			files = (
				77B7BF3524CEBB7F00ACA21C /* pffft.c in Sources */,
				77B7BF3324CEB31400ACA21C /* main.cpp in Sources */,
			);
			runOnlyForDeploymentPostprocessing = 0;
		};
/* End PBXSourcesBuildPhase section */

/* Begin XCBuildConfiguration section */
		77B7BF0B24CEB23600ACA21C /* Debug */ = {
			isa = XCBuildConfiguration;
			buildSettings = {
				ALWAYS_SEARCH_USER_PATHS = NO;
				CLANG_ANALYZER_NONNULL = YES;
				CLANG_ANALYZER_NUMBER_OBJECT_CONVERSION = YES_AGGRESSIVE;
				CLANG_CXX_LANGUAGE_STANDARD = "gnu++14";
				CLANG_CXX_LIBRARY = "libc++";
				CLANG_ENABLE_MODULES = YES;
				CLANG_ENABLE_OBJC_ARC = YES;
				CLANG_WARN_BLOCK_CAPTURE_AUTORELEASING = YES;
				CLANG_WARN_BOOL_CONVERSION = YES;
				CLANG_WARN_COMMA = YES;
				CLANG_WARN_CONSTANT_CONVERSION = YES;
				CLANG_WARN_DIRECT_OBJC_ISA_USAGE = YES_ERROR;
				CLANG_WARN_DOCUMENTATION_COMMENTS = YES;
				CLANG_WARN_EMPTY_BODY = YES;
				CLANG_WARN_ENUM_CONVERSION = YES;
				CLANG_WARN_INFINITE_RECURSION = YES;
				CLANG_WARN_INT_CONVERSION = YES;
				CLANG_WARN_NON_LITERAL_NULL_CONVERSION = YES;
				CLANG_WARN_OBJC_LITERAL_CONVERSION = YES;
				CLANG_WARN_OBJC_ROOT_CLASS = YES_ERROR;
				CLANG_WARN_RANGE_LOOP_ANALYSIS = YES;
				CLANG_WARN_STRICT_PROTOTYPES = YES;
				CLANG_WARN_SUSPICIOUS_MOVE = YES;
				CLANG_WARN_UNGUARDED_AVAILABILITY = YES_AGGRESSIVE;
				CLANG_WARN_UNREACHABLE_CODE = YES;
				CLANG_WARN__DUPLICATE_METHOD_MATCH = YES;
				CODE_SIGN_IDENTITY = "-";
				COPY_PHASE_STRIP = NO;
				DEBUG_INFORMATION_FORMAT = dwarf;
				ENABLE_STRICT_OBJC_MSGSEND = YES;
				ENABLE_TESTABILITY = YES;
				GCC_C_LANGUAGE_STANDARD = gnu11;
				GCC_DYNAMIC_NO_PIC = NO;
				GCC_NO_COMMON_BLOCKS = YES;
				GCC_OPTIMIZATION_LEVEL = 0;
				GCC_PREPROCESSOR_DEFINITIONS = (
					"DEBUG=1",
					"$(inherited)",
				);
				GCC_WARN_64_TO_32_BIT_CONVERSION = YES;
				GCC_WARN_ABOUT_RETURN_TYPE = YES_ERROR;
				GCC_WARN_UNDECLARED_SELECTOR = YES;
				GCC_WARN_UNINITIALIZED_AUTOS = YES_AGGRESSIVE;
				GCC_WARN_UNUSED_FUNCTION = YES;
				GCC_WARN_UNUSED_VARIABLE = YES;
				MACOSX_DEPLOYMENT_TARGET = 10.14;
				MTL_ENABLE_DEBUG_INFO = YES;
				ONLY_ACTIVE_ARCH = YES;
				SDKROOT = macosx;
			};
			name = Debug;
		};
		77B7BF0C24CEB23600ACA21C /* Release */ = {
			isa = XCBuildConfiguration;
			buildSettings = {
				ALWAYS_SEARCH_USER_PATHS = NO;
				CLANG_ANALYZER_NONNULL = YES;
				CLANG_ANALYZER_NUMBER_OBJECT_CONVERSION = YES_AGGRESSIVE;
				CLANG_CXX_LANGUAGE_STANDARD = "gnu++14";
				CLANG_CXX_LIBRARY = "libc++";
				CLANG_ENABLE_MODULES = YES;
				CLANG_ENABLE_OBJC_ARC = YES;
				CLANG_WARN_BLOCK_CAPTURE_AUTORELEASING = YES;
				CLANG_WARN_BOOL_CONVERSION = YES;
				CLANG_WARN_COMMA = YES;
				CLANG_WARN_CONSTANT_CONVERSION = YES;
				CLANG_WARN_DIRECT_OBJC_ISA_USAGE = YES_ERROR;
				CLANG_WARN_DOCUMENTATION_COMMENTS = YES;
				CLANG_WARN_EMPTY_BODY = YES;
				CLANG_WARN_ENUM_CONVERSION = YES;
				CLANG_WARN_INFINITE_RECURSION = YES;
				CLANG_WARN_INT_CONVERSION = YES;
				CLANG_WARN_NON_LITERAL_NULL_CONVERSION = YES;
				CLANG_WARN_OBJC_LITERAL_CONVERSION = YES;
				CLANG_WARN_OBJC_ROOT_CLASS = YES_ERROR;
				CLANG_WARN_RANGE_LOOP_ANALYSIS = YES;
				CLANG_WARN_STRICT_PROTOTYPES = YES;
				CLANG_WARN_SUSPICIOUS_MOVE = YES;
				CLANG_WARN_UNGUARDED_AVAILABILITY = YES_AGGRESSIVE;
				CLANG_WARN_UNREACHABLE_CODE = YES;
				CLANG_WARN__DUPLICATE_METHOD_MATCH = YES;
				CODE_SIGN_IDENTITY = "-";
				COPY_PHASE_STRIP = NO;
				DEBUG_INFORMATION_FORMAT = "dwarf-with-dsym";
				ENABLE_NS_ASSERTIONS = NO;
				ENABLE_STRICT_OBJC_MSGSEND = YES;
				GCC_C_LANGUAGE_STANDARD = gnu11;
				GCC_NO_COMMON_BLOCKS = YES;
				GCC_WARN_64_TO_32_BIT_CONVERSION = YES;
				GCC_WARN_ABOUT_RETURN_TYPE = YES_ERROR;
				GCC_WARN_UNDECLARED_SELECTOR = YES;
				GCC_WARN_UNINITIALIZED_AUTOS = YES_AGGRESSIVE;
				GCC_WARN_UNUSED_FUNCTION = YES;
				GCC_WARN_UNUSED_VARIABLE = YES;
				MACOSX_DEPLOYMENT_TARGET = 10.14;
				MTL_ENABLE_DEBUG_INFO = NO;
				SDKROOT = macosx;
			};
			name = Release;
		};
		77B7BF0E24CEB23600ACA21C /* Debug */ = {
			isa = XCBuildConfiguration;
			buildSettings = {
				CODE_SIGN_STYLE = Automatic;
				PRODUCT_NAME = "$(TARGET_NAME)";
			};
			name = Debug;
		};
		77B7BF0F24CEB23600ACA21C /* Release */ = {
			isa = XCBuildConfiguration;
			buildSettings = {
				CODE_SIGN_STYLE = Automatic;
				PRODUCT_NAME = "$(TARGET_NAME)";
			};
			name = Release;
		};
/* End XCBuildConfiguration section */

/* Begin XCConfigurationList section */
		77B7BF0124CEB23600ACA21C /* Build configuration list for PBXProject "puro" */ = {
			isa = XCConfigurationList;
			buildConfigurations = (
				77B7BF0B24CEB23600ACA21C /* Debug */,
				77B7BF0C24CEB23600ACA21C /* Release */,
			);
			defaultConfigurationIsVisible = 0;
			defaultConfigurationName = Release;
		};
		77B7BF0D24CEB23600ACA21C /* Build configuration list for PBXNativeTarget "puro" */ = {
			isa = XCConfigurationList;
			buildConfigurations = (
				77B7BF0E24CEB23600ACA21C /* Debug */,
				77B7BF0F24CEB23600ACA21C /* Release */,
			);
			defaultConfigurationIsVisible = 0;
			defaultConfigurationName = Release;
		};
/* End XCConfigurationList section */
	};
	rootObject = 77B7BEFE24CEB23600ACA21C /* Project object */;
}
